
Microsoft Visual Studio Solution File, Format Version 12.00
# Visual Studio Version 17
VisualStudioVersion = 17.11.35312.102
MinimumVisualStudioVersion = 10.0.40219.1
Project("{FAE04EC0-301F-11D3-BF4B-00C04F79EFBC}") = "Underbid.Client", "Underbid.Client\Underbid.Client.csproj", "{133F096E-A728-4F95-9442-B8FE07ED29C2}"
EndProject
Project("{FAE04EC0-301F-11D3-BF4B-00C04F79EFBC}") = "Underbid.Shared", "Underbid.Shared\Underbid.Shared.csproj", "{1E5C4BBA-2272-4A4C-A6BD-0E6010C9053A}"
EndProject
Global
	GlobalSection(SolutionConfigurationPlatforms) = preSolution
		Debug|Any CPU = Debug|Any CPU
		Release|Any CPU = Release|Any CPU
	EndGlobalSection
	GlobalSection(ProjectConfigurationPlatforms) = postSolution
		{133F096E-A728-4F95-9442-B8FE07ED29C2}.Debug|Any CPU.ActiveCfg = Debug|Any CPU
		{133F096E-A728-4F95-9442-B8FE07ED29C2}.Debug|Any CPU.Build.0 = Debug|Any CPU
		{133F096E-A728-4F95-9442-B8FE07ED29C2}.Release|Any CPU.ActiveCfg = Release|Any CPU
		{133F096E-A728-4F95-9442-B8FE07ED29C2}.Release|Any CPU.Build.0 = Release|Any CPU
		{1E5C4BBA-2272-4A4C-A6BD-0E6010C9053A}.Debug|Any CPU.ActiveCfg = Debug|Any CPU
		{1E5C4BBA-2272-4A4C-A6BD-0E6010C9053A}.Debug|Any CPU.Build.0 = Debug|Any CPU
		{1E5C4BBA-2272-4A4C-A6BD-0E6010C9053A}.Release|Any CPU.ActiveCfg = Release|Any CPU
		{1E5C4BBA-2272-4A4C-A6BD-0E6010C9053A}.Release|Any CPU.Build.0 = Release|Any CPU
	EndGlobalSection
	GlobalSection(SolutionProperties) = preSolution
		HideSolutionNode = FALSE
	EndGlobalSection
	GlobalSection(ExtensibilityGlobals) = postSolution
		SolutionGuid = {76908999-697D-4012-806E-BCCACFC3B82B}
	EndGlobalSection
EndGlobal
